
Microsoft Visual Studio Solution File, Format Version 12.00
# Visual Studio Version 17
VisualStudioVersion = 17.1.32210.238
MinimumVisualStudioVersion = 10.0.40219.1
Project("{FAE04EC0-301F-11D3-BF4B-00C04F79EFBC}") = "Gorosk.Android", "Gorosk\Gorosk.Android\Gorosk.Android.csproj", "{CC82FA20-5ADC-4D9F-964D-AF972AFECFA3}"
EndProject
Project("{FAE04EC0-301F-11D3-BF4B-00C04F79EFBC}") = "Gorosk", "Gorosk\Gorosk\Gorosk.csproj", "{89E50DCA-0D6B-42CC-A47C-78D7EDC61C9B}"
EndProject
Global
	GlobalSection(SolutionConfigurationPlatforms) = preSolution
		Debug|Any CPU = Debug|Any CPU
		Release|Any CPU = Release|Any CPU
	EndGlobalSection
	GlobalSection(ProjectConfigurationPlatforms) = postSolution
		{CC82FA20-5ADC-4D9F-964D-AF972AFECFA3}.Debug|Any CPU.ActiveCfg = Debug|Any CPU
		{CC82FA20-5ADC-4D9F-964D-AF972AFECFA3}.Debug|Any CPU.Build.0 = Debug|Any CPU
		{CC82FA20-5ADC-4D9F-964D-AF972AFECFA3}.Debug|Any CPU.Deploy.0 = Debug|Any CPU
		{CC82FA20-5ADC-4D9F-964D-AF972AFECFA3}.Release|Any CPU.ActiveCfg = Release|Any CPU
		{CC82FA20-5ADC-4D9F-964D-AF972AFECFA3}.Release|Any CPU.Build.0 = Release|Any CPU
		{CC82FA20-5ADC-4D9F-964D-AF972AFECFA3}.Release|Any CPU.Deploy.0 = Release|Any CPU
		{89E50DCA-0D6B-42CC-A47C-78D7EDC61C9B}.Debug|Any CPU.ActiveCfg = Debug|Any CPU
		{89E50DCA-0D6B-42CC-A47C-78D7EDC61C9B}.Debug|Any CPU.Build.0 = Debug|Any CPU
		{89E50DCA-0D6B-42CC-A47C-78D7EDC61C9B}.Debug|Any CPU.Deploy.0 = Debug|Any CPU
		{89E50DCA-0D6B-42CC-A47C-78D7EDC61C9B}.Release|Any CPU.ActiveCfg = Release|Any CPU
		{89E50DCA-0D6B-42CC-A47C-78D7EDC61C9B}.Release|Any CPU.Build.0 = Release|Any CPU
		{89E50DCA-0D6B-42CC-A47C-78D7EDC61C9B}.Release|Any CPU.Deploy.0 = Release|Any CPU
	EndGlobalSection
	GlobalSection(SolutionProperties) = preSolution
		HideSolutionNode = FALSE
	EndGlobalSection
	GlobalSection(ExtensibilityGlobals) = postSolution
		SolutionGuid = {770A54EA-E082-4C31-98D5-EBD9D9910005}
	EndGlobalSection
EndGlobal
